
Microsoft Visual Studio Solution File, Format Version 12.00
# Visual Studio Version 17
VisualStudioVersion = 17.9.34728.123
MinimumVisualStudioVersion = 10.0.40219.1
Project("{FAE04EC0-301F-11D3-BF4B-00C04F79EFBC}") = "DrexMacaspac", "DrexMacaspac.csproj", "{FF19BA6E-4D57-4016-A2FB-91D90EFEED3D}"
EndProject
Global
	GlobalSection(SolutionConfigurationPlatforms) = preSolution
		Debug|Any CPU = Debug|Any CPU
		Release|Any CPU = Release|Any CPU
	EndGlobalSection
	GlobalSection(ProjectConfigurationPlatforms) = postSolution
		{FF19BA6E-4D57-4016-A2FB-91D90EFEED3D}.Debug|Any CPU.ActiveCfg = Debug|Any CPU
		{FF19BA6E-4D57-4016-A2FB-91D90EFEED3D}.Debug|Any CPU.Build.0 = Debug|Any CPU
		{FF19BA6E-4D57-4016-A2FB-91D90EFEED3D}.Release|Any CPU.ActiveCfg = Release|Any CPU
		{FF19BA6E-4D57-4016-A2FB-91D90EFEED3D}.Release|Any CPU.Build.0 = Release|Any CPU
	EndGlobalSection
	GlobalSection(SolutionProperties) = preSolution
		HideSolutionNode = FALSE
	EndGlobalSection
	GlobalSection(ExtensibilityGlobals) = postSolution
		SolutionGuid = {A0B3F4FD-F4C7-46BC-AEA3-3376FFA77BD5}
	EndGlobalSection
EndGlobal
